{
    "_meta": {
        "hash": {
            "sha256": "addeff9a5a7681859f20706710a5addc7aae699e763d606395aebe45f5bf0b20"
        },
        "pipfile-spec": 6,
        "requires": {
            "python_version": "3.7"
        },
        "sources": [
            {
                "name": "pypi",
                "url": "https://pypi.org/simple",
                "verify_ssl": true
            }
        ]
    },
    "default": {
        "5668f3e": {
            "file": "https://github.com/celery/celery/tarball/master"
        },
        "celery": {
            "file": "https://github.com/celery/celery/tarball/master"
        },
        "redis": {
            "hashes": [
                "sha256:8a1900a9f2a0a44ecf6e8b5eb3e967a9909dfed219ad66df094f27f7d6f330fb"
            ],
            "index": "pypi",
            "version": "==2.10.6"
        }
    },
    "develop": {}
}
